// !$*UTF8*$!
{
	archiveVersion = 1;
	classes = {
	};
	objectVersion = 55;
	objects = {

/* Begin PBXBuildFile section */
		AA4D4D7A27F31F29002BAB58 /* AppDelegate.swift in Sources */ = {isa = PBXBuildFile; fileRef = AA4D4D7927F31F29002BAB58 /* AppDelegate.swift */; };
		AA4D4D8127F31F29002BAB58 /* Main.storyboard in Resources */ = {isa = PBXBuildFile; fileRef = AA4D4D7F27F31F29002BAB58 /* Main.storyboard */; };
		AA4D4D8327F31F2B002BAB58 /* Assets.xcassets in Resources */ = {isa = PBXBuildFile; fileRef = AA4D4D8227F31F2B002BAB58 /* Assets.xcassets */; };
		AA4D4D8627F31F2B002BAB58 /* LaunchScreen.storyboard in Resources */ = {isa = PBXBuildFile; fileRef = AA4D4D8427F31F2B002BAB58 /* LaunchScreen.storyboard */; };
		AA4D4D9227F32027002BAB58 /* APIClient.swift in Sources */ = {isa = PBXBuildFile; fileRef = AA4D4D9127F32027002BAB58 /* APIClient.swift */; };
		AA4D4D9627F320C6002BAB58 /* UdacityAPIClientProtocol.swift in Sources */ = {isa = PBXBuildFile; fileRef = AA4D4D9527F320C6002BAB58 /* UdacityAPIClientProtocol.swift */; };
		AA4D4D9827F320D2002BAB58 /* UdacityAPIClient.swift in Sources */ = {isa = PBXBuildFile; fileRef = AA4D4D9727F320D2002BAB58 /* UdacityAPIClient.swift */; };
		AA4D4D9A27F320EC002BAB58 /* UdacityAPIClient+Constants.swift in Sources */ = {isa = PBXBuildFile; fileRef = AA4D4D9927F320EC002BAB58 /* UdacityAPIClient+Constants.swift */; };
		AA4D4D9C27F321C1002BAB58 /* ParseAPIClientProtocol.swift in Sources */ = {isa = PBXBuildFile; fileRef = AA4D4D9B27F321C1002BAB58 /* ParseAPIClientProtocol.swift */; };
		AA4D4D9E27F321CE002BAB58 /* ParseAPIClient.swift in Sources */ = {isa = PBXBuildFile; fileRef = AA4D4D9D27F321CE002BAB58 /* ParseAPIClient.swift */; };
		AA4D4DA027F321DC002BAB58 /* ParseAPIClient+Constants.swift in Sources */ = {isa = PBXBuildFile; fileRef = AA4D4D9F27F321DC002BAB58 /* ParseAPIClient+Constants.swift */; };
		AA4D4DA227F3225A002BAB58 /* Session.swift in Sources */ = {isa = PBXBuildFile; fileRef = AA4D4DA127F3225A002BAB58 /* Session.swift */; };
		AA4D4DA427F3226A002BAB58 /* Account.swift in Sources */ = {isa = PBXBuildFile; fileRef = AA4D4DA327F3226A002BAB58 /* Account.swift */; };
		AA4D4DA627F32274002BAB58 /* User.swift in Sources */ = {isa = PBXBuildFile; fileRef = AA4D4DA527F32274002BAB58 /* User.swift */; };
		AA4D4DA827F3227E002BAB58 /* StudentInformation.swift in Sources */ = {isa = PBXBuildFile; fileRef = AA4D4DA727F3227E002BAB58 /* StudentInformation.swift */; };
		AA4D4DAA27F32465002BAB58 /* LoginViewController.swift in Sources */ = {isa = PBXBuildFile; fileRef = AA4D4DA927F32465002BAB58 /* LoginViewController.swift */; };
		AA4D4DAC27F324A5002BAB58 /* MapViewViewController.swift in Sources */ = {isa = PBXBuildFile; fileRef = AA4D4DAB27F324A5002BAB58 /* MapViewViewController.swift */; };
		AA4D4DAE27F32532002BAB58 /* AddLocationViewController.swift in Sources */ = {isa = PBXBuildFile; fileRef = AA4D4DAD27F32532002BAB58 /* AddLocationViewController.swift */; };
		AA4D4DB027F3253E002BAB58 /* FinishAddLocationViewController.swift in Sources */ = {isa = PBXBuildFile; fileRef = AA4D4DAF27F3253E002BAB58 /* FinishAddLocationViewController.swift */; };
		AA4D4DB227F32597002BAB58 /* LocationsViewController.swift in Sources */ = {isa = PBXBuildFile; fileRef = AA4D4DB127F32597002BAB58 /* LocationsViewController.swift */; };
		AA4D4DB527F3281A002BAB58 /* AnnotationTapRecognizer.swift in Sources */ = {isa = PBXBuildFile; fileRef = AA4D4DB427F3281A002BAB58 /* AnnotationTapRecognizer.swift */; };
		AA4D4DB727F32845002BAB58 /* StudentsAnnotation.swift in Sources */ = {isa = PBXBuildFile; fileRef = AA4D4DB627F32845002BAB58 /* StudentsAnnotation.swift */; };
		AA4D4DBE27F32F82002BAB58 /* Alert.swift in Sources */ = {isa = PBXBuildFile; fileRef = AA4D4DBC27F32F82002BAB58 /* Alert.swift */; };
		AA4D4DBF27F32F82002BAB58 /* HideKeyboardDelegate.swift in Sources */ = {isa = PBXBuildFile; fileRef = AA4D4DBD27F32F82002BAB58 /* HideKeyboardDelegate.swift */; };
		AA4D4DC127F3319A002BAB58 /* ViewController+Extensions.swift in Sources */ = {isa = PBXBuildFile; fileRef = AA4D4DC027F3319A002BAB58 /* ViewController+Extensions.swift */; };
		AA4D4DC527F33960002BAB58 /* TabBarController.swift in Sources */ = {isa = PBXBuildFile; fileRef = AA4D4DC427F33960002BAB58 /* TabBarController.swift */; };
		AA4D4DC827F34C14002BAB58 /* MapKit.framework in Frameworks */ = {isa = PBXBuildFile; fileRef = AA4D4DC727F34C14002BAB58 /* MapKit.framework */; };
		AA4D4DCA27F37F88002BAB58 /* LocationsTableViewCell.swift in Sources */ = {isa = PBXBuildFile; fileRef = AA4D4DC927F37F88002BAB58 /* LocationsTableViewCell.swift */; };
/* End PBXBuildFile section */

/* Begin PBXFileReference section */
		AA4D4D7627F31F29002BAB58 /* On The Map.app */ = {isa = PBXFileReference; explicitFileType = wrapper.application; includeInIndex = 0; path = "On The Map.app"; sourceTree = BUILT_PRODUCTS_DIR; };
		AA4D4D7927F31F29002BAB58 /* AppDelegate.swift */ = {isa = PBXFileReference; lastKnownFileType = sourcecode.swift; path = AppDelegate.swift; sourceTree = "<group>"; };
		AA4D4D8027F31F29002BAB58 /* Base */ = {isa = PBXFileReference; lastKnownFileType = file.storyboard; name = Base; path = Base.lproj/Main.storyboard; sourceTree = "<group>"; };
		AA4D4D8227F31F2B002BAB58 /* Assets.xcassets */ = {isa = PBXFileReference; lastKnownFileType = folder.assetcatalog; path = Assets.xcassets; sourceTree = "<group>"; };
		AA4D4D8527F31F2B002BAB58 /* Base */ = {isa = PBXFileReference; lastKnownFileType = file.storyboard; name = Base; path = Base.lproj/LaunchScreen.storyboard; sourceTree = "<group>"; };
		AA4D4D8727F31F2B002BAB58 /* Info.plist */ = {isa = PBXFileReference; lastKnownFileType = text.plist.xml; path = Info.plist; sourceTree = "<group>"; };
		AA4D4D9127F32027002BAB58 /* APIClient.swift */ = {isa = PBXFileReference; fileEncoding = 4; lastKnownFileType = sourcecode.swift; path = APIClient.swift; sourceTree = "<group>"; };
		AA4D4D9527F320C6002BAB58 /* UdacityAPIClientProtocol.swift */ = {isa = PBXFileReference; lastKnownFileType = sourcecode.swift; path = UdacityAPIClientProtocol.swift; sourceTree = "<group>"; };
		AA4D4D9727F320D2002BAB58 /* UdacityAPIClient.swift */ = {isa = PBXFileReference; lastKnownFileType = sourcecode.swift; path = UdacityAPIClient.swift; sourceTree = "<group>"; };
		AA4D4D9927F320EC002BAB58 /* UdacityAPIClient+Constants.swift */ = {isa = PBXFileReference; lastKnownFileType = sourcecode.swift; path = "UdacityAPIClient+Constants.swift"; sourceTree = "<group>"; };
		AA4D4D9B27F321C1002BAB58 /* ParseAPIClientProtocol.swift */ = {isa = PBXFileReference; lastKnownFileType = sourcecode.swift; path = ParseAPIClientProtocol.swift; sourceTree = "<group>"; };
		AA4D4D9D27F321CE002BAB58 /* ParseAPIClient.swift */ = {isa = PBXFileReference; lastKnownFileType = sourcecode.swift; path = ParseAPIClient.swift; sourceTree = "<group>"; };
		AA4D4D9F27F321DC002BAB58 /* ParseAPIClient+Constants.swift */ = {isa = PBXFileReference; lastKnownFileType = sourcecode.swift; path = "ParseAPIClient+Constants.swift"; sourceTree = "<group>"; };
		AA4D4DA127F3225A002BAB58 /* Session.swift */ = {isa = PBXFileReference; lastKnownFileType = sourcecode.swift; path = Session.swift; sourceTree = "<group>"; };
		AA4D4DA327F3226A002BAB58 /* Account.swift */ = {isa = PBXFileReference; lastKnownFileType = sourcecode.swift; path = Account.swift; sourceTree = "<group>"; };
		AA4D4DA527F32274002BAB58 /* User.swift */ = {isa = PBXFileReference; lastKnownFileType = sourcecode.swift; path = User.swift; sourceTree = "<group>"; };
		AA4D4DA727F3227E002BAB58 /* StudentInformation.swift */ = {isa = PBXFileReference; lastKnownFileType = sourcecode.swift; path = StudentInformation.swift; sourceTree = "<group>"; };
		AA4D4DA927F32465002BAB58 /* LoginViewController.swift */ = {isa = PBXFileReference; lastKnownFileType = sourcecode.swift; path = LoginViewController.swift; sourceTree = "<group>"; };
		AA4D4DAB27F324A5002BAB58 /* MapViewViewController.swift */ = {isa = PBXFileReference; lastKnownFileType = sourcecode.swift; path = MapViewViewController.swift; sourceTree = "<group>"; };
		AA4D4DAD27F32532002BAB58 /* AddLocationViewController.swift */ = {isa = PBXFileReference; lastKnownFileType = sourcecode.swift; path = AddLocationViewController.swift; sourceTree = "<group>"; };
		AA4D4DAF27F3253E002BAB58 /* FinishAddLocationViewController.swift */ = {isa = PBXFileReference; lastKnownFileType = sourcecode.swift; path = FinishAddLocationViewController.swift; sourceTree = "<group>"; };
		AA4D4DB127F32597002BAB58 /* LocationsViewController.swift */ = {isa = PBXFileReference; lastKnownFileType = sourcecode.swift; path = LocationsViewController.swift; sourceTree = "<group>"; };
		AA4D4DB427F3281A002BAB58 /* AnnotationTapRecognizer.swift */ = {isa = PBXFileReference; lastKnownFileType = sourcecode.swift; path = AnnotationTapRecognizer.swift; sourceTree = "<group>"; };
		AA4D4DB627F32845002BAB58 /* StudentsAnnotation.swift */ = {isa = PBXFileReference; lastKnownFileType = sourcecode.swift; path = StudentsAnnotation.swift; sourceTree = "<group>"; };
		AA4D4DBC27F32F82002BAB58 /* Alert.swift */ = {isa = PBXFileReference; lastKnownFileType = sourcecode.swift; path = Alert.swift; sourceTree = "<group>"; };
		AA4D4DBD27F32F82002BAB58 /* HideKeyboardDelegate.swift */ = {isa = PBXFileReference; lastKnownFileType = sourcecode.swift; path = HideKeyboardDelegate.swift; sourceTree = "<group>"; };
		AA4D4DC027F3319A002BAB58 /* ViewController+Extensions.swift */ = {isa = PBXFileReference; lastKnownFileType = sourcecode.swift; path = "ViewController+Extensions.swift"; sourceTree = "<group>"; };
		AA4D4DC427F33960002BAB58 /* TabBarController.swift */ = {isa = PBXFileReference; lastKnownFileType = sourcecode.swift; path = TabBarController.swift; sourceTree = "<group>"; };
		AA4D4DC727F34C14002BAB58 /* MapKit.framework */ = {isa = PBXFileReference; lastKnownFileType = wrapper.framework; name = MapKit.framework; path = System/Library/Frameworks/MapKit.framework; sourceTree = SDKROOT; };
		AA4D4DC927F37F88002BAB58 /* LocationsTableViewCell.swift */ = {isa = PBXFileReference; lastKnownFileType = sourcecode.swift; path = LocationsTableViewCell.swift; sourceTree = "<group>"; };
/* End PBXFileReference section */

/* Begin PBXFrameworksBuildPhase section */
		AA4D4D7327F31F29002BAB58 /* Frameworks */ = {
			isa = PBXFrameworksBuildPhase;
			buildActionMask = 2147483647;
			files = (
				AA4D4DC827F34C14002BAB58 /* MapKit.framework in Frameworks */,
			);
			runOnlyForDeploymentPostprocessing = 0;
		};
/* End PBXFrameworksBuildPhase section */

/* Begin PBXGroup section */
		AA4D4D6D27F31F29002BAB58 = {
			isa = PBXGroup;
			children = (
				AA4D4D7827F31F29002BAB58 /* On The Map */,
				AA4D4D7727F31F29002BAB58 /* Products */,
				AA4D4DC627F34C14002BAB58 /* Frameworks */,
			);
			sourceTree = "<group>";
		};
		AA4D4D7727F31F29002BAB58 /* Products */ = {
			isa = PBXGroup;
			children = (
				AA4D4D7627F31F29002BAB58 /* On The Map.app */,
			);
			name = Products;
			sourceTree = "<group>";
		};
		AA4D4D7827F31F29002BAB58 /* On The Map */ = {
			isa = PBXGroup;
			children = (
				AA4D4DBC27F32F82002BAB58 /* Alert.swift */,
				AA4D4DBD27F32F82002BAB58 /* HideKeyboardDelegate.swift */,
				AA4D4D9027F32008002BAB58 /* Services */,
				AA4D4D8E27F31FFC002BAB58 /* ViewControllers */,
				AA4D4D8D27F31FF6002BAB58 /* Model */,
				AA4D4D7927F31F29002BAB58 /* AppDelegate.swift */,
				AA4D4D7F27F31F29002BAB58 /* Main.storyboard */,
				AA4D4D8227F31F2B002BAB58 /* Assets.xcassets */,
				AA4D4D8427F31F2B002BAB58 /* LaunchScreen.storyboard */,
				AA4D4D8727F31F2B002BAB58 /* Info.plist */,
			);
			path = "On The Map";
			sourceTree = "<group>";
		};
		AA4D4D8D27F31FF6002BAB58 /* Model */ = {
			isa = PBXGroup;
			children = (
				AA4D4DA127F3225A002BAB58 /* Session.swift */,
				AA4D4DA327F3226A002BAB58 /* Account.swift */,
				AA4D4DA527F32274002BAB58 /* User.swift */,
				AA4D4DA727F3227E002BAB58 /* StudentInformation.swift */,
			);
			path = Model;
			sourceTree = "<group>";
		};
		AA4D4D8E27F31FFC002BAB58 /* ViewControllers */ = {
			isa = PBXGroup;
			children = (
				AA4D4DB327F327FD002BAB58 /* MapViewController */,
				AA4D4DA927F32465002BAB58 /* LoginViewController.swift */,
				AA4D4DC027F3319A002BAB58 /* ViewController+Extensions.swift */,
				AA4D4D8F27F32002002BAB58 /* TableView */,
				AA4D4DAD27F32532002BAB58 /* AddLocationViewController.swift */,
				AA4D4DAF27F3253E002BAB58 /* FinishAddLocationViewController.swift */,
				AA4D4DC427F33960002BAB58 /* TabBarController.swift */,
			);
			path = ViewControllers;
			sourceTree = "<group>";
		};
		AA4D4D8F27F32002002BAB58 /* TableView */ = {
			isa = PBXGroup;
			children = (
				AA4D4DB127F32597002BAB58 /* LocationsViewController.swift */,
				AA4D4DC927F37F88002BAB58 /* LocationsTableViewCell.swift */,
			);
			path = TableView;
			sourceTree = "<group>";
		};
		AA4D4D9027F32008002BAB58 /* Services */ = {
			isa = PBXGroup;
			children = (
				AA4D4D9427F320A5002BAB58 /* ParseAPI */,
				AA4D4D9327F3209E002BAB58 /* UdacityAPI */,
				AA4D4D9127F32027002BAB58 /* APIClient.swift */,
			);
			path = Services;
			sourceTree = "<group>";
		};
		AA4D4D9327F3209E002BAB58 /* UdacityAPI */ = {
			isa = PBXGroup;
			children = (
				AA4D4D9527F320C6002BAB58 /* UdacityAPIClientProtocol.swift */,
				AA4D4D9727F320D2002BAB58 /* UdacityAPIClient.swift */,
				AA4D4D9927F320EC002BAB58 /* UdacityAPIClient+Constants.swift */,
			);
			path = UdacityAPI;
			sourceTree = "<group>";
		};
		AA4D4D9427F320A5002BAB58 /* ParseAPI */ = {
			isa = PBXGroup;
			children = (
				AA4D4D9B27F321C1002BAB58 /* ParseAPIClientProtocol.swift */,
				AA4D4D9D27F321CE002BAB58 /* ParseAPIClient.swift */,
				AA4D4D9F27F321DC002BAB58 /* ParseAPIClient+Constants.swift */,
			);
			path = ParseAPI;
			sourceTree = "<group>";
		};
		AA4D4DB327F327FD002BAB58 /* MapViewController */ = {
			isa = PBXGroup;
			children = (
				AA4D4DAB27F324A5002BAB58 /* MapViewViewController.swift */,
				AA4D4DB427F3281A002BAB58 /* AnnotationTapRecognizer.swift */,
				AA4D4DB627F32845002BAB58 /* StudentsAnnotation.swift */,
			);
			path = MapViewController;
			sourceTree = "<group>";
		};
		AA4D4DC627F34C14002BAB58 /* Frameworks */ = {
			isa = PBXGroup;
			children = (
				AA4D4DC727F34C14002BAB58 /* MapKit.framework */,
			);
			name = Frameworks;
			sourceTree = "<group>";
		};
/* End PBXGroup section */

/* Begin PBXNativeTarget section */
		AA4D4D7527F31F29002BAB58 /* On The Map */ = {
			isa = PBXNativeTarget;
			buildConfigurationList = AA4D4D8A27F31F2B002BAB58 /* Build configuration list for PBXNativeTarget "On The Map" */;
			buildPhases = (
				AA4D4D7227F31F29002BAB58 /* Sources */,
				AA4D4D7327F31F29002BAB58 /* Frameworks */,
				AA4D4D7427F31F29002BAB58 /* Resources */,
			);
			buildRules = (
			);
			dependencies = (
			);
			name = "On The Map";
			productName = "On The Map";
			productReference = AA4D4D7627F31F29002BAB58 /* On The Map.app */;
			productType = "com.apple.product-type.application";
		};
/* End PBXNativeTarget section */

/* Begin PBXProject section */
		AA4D4D6E27F31F29002BAB58 /* Project object */ = {
			isa = PBXProject;
			attributes = {
				BuildIndependentTargetsInParallel = 1;
				LastSwiftUpdateCheck = 1330;
				LastUpgradeCheck = 1330;
				TargetAttributes = {
					AA4D4D7527F31F29002BAB58 = {
						CreatedOnToolsVersion = 13.3;
					};
				};
			};
			buildConfigurationList = AA4D4D7127F31F29002BAB58 /* Build configuration list for PBXProject "On The Map" */;
			compatibilityVersion = "Xcode 13.0";
			developmentRegion = en;
			hasScannedForEncodings = 0;
			knownRegions = (
				en,
				Base,
			);
			mainGroup = AA4D4D6D27F31F29002BAB58;
			productRefGroup = AA4D4D7727F31F29002BAB58 /* Products */;
			projectDirPath = "";
			projectRoot = "";
			targets = (
				AA4D4D7527F31F29002BAB58 /* On The Map */,
			);
		};
/* End PBXProject section */

/* Begin PBXResourcesBuildPhase section */
		AA4D4D7427F31F29002BAB58 /* Resources */ = {
			isa = PBXResourcesBuildPhase;
			buildActionMask = 2147483647;
			files = (
				AA4D4D8627F31F2B002BAB58 /* LaunchScreen.storyboard in Resources */,
				AA4D4D8327F31F2B002BAB58 /* Assets.xcassets in Resources */,
				AA4D4D8127F31F29002BAB58 /* Main.storyboard in Resources */,
			);
			runOnlyForDeploymentPostprocessing = 0;
		};
/* End PBXResourcesBuildPhase section */

/* Begin PBXSourcesBuildPhase section */
		AA4D4D7227F31F29002BAB58 /* Sources */ = {
			isa = PBXSourcesBuildPhase;
			buildActionMask = 2147483647;
			files = (
				AA4D4DB527F3281A002BAB58 /* AnnotationTapRecognizer.swift in Sources */,
				AA4D4DA827F3227E002BAB58 /* StudentInformation.swift in Sources */,
				AA4D4DBF27F32F82002BAB58 /* HideKeyboardDelegate.swift in Sources */,
				AA4D4DA627F32274002BAB58 /* User.swift in Sources */,
				AA4D4DC127F3319A002BAB58 /* ViewController+Extensions.swift in Sources */,
				AA4D4DAA27F32465002BAB58 /* LoginViewController.swift in Sources */,
				AA4D4DCA27F37F88002BAB58 /* LocationsTableViewCell.swift in Sources */,
				AA4D4D7A27F31F29002BAB58 /* AppDelegate.swift in Sources */,
				AA4D4D9627F320C6002BAB58 /* UdacityAPIClientProtocol.swift in Sources */,
				AA4D4DBE27F32F82002BAB58 /* Alert.swift in Sources */,
				AA4D4D9A27F320EC002BAB58 /* UdacityAPIClient+Constants.swift in Sources */,
				AA4D4DA427F3226A002BAB58 /* Account.swift in Sources */,
				AA4D4D9C27F321C1002BAB58 /* ParseAPIClientProtocol.swift in Sources */,
				AA4D4DB027F3253E002BAB58 /* FinishAddLocationViewController.swift in Sources */,
				AA4D4D9227F32027002BAB58 /* APIClient.swift in Sources */,
				AA4D4DB227F32597002BAB58 /* LocationsViewController.swift in Sources */,
				AA4D4DA227F3225A002BAB58 /* Session.swift in Sources */,
				AA4D4DC527F33960002BAB58 /* TabBarController.swift in Sources */,
				AA4D4D9827F320D2002BAB58 /* UdacityAPIClient.swift in Sources */,
				AA4D4D9E27F321CE002BAB58 /* ParseAPIClient.swift in Sources */,
				AA4D4DAE27F32532002BAB58 /* AddLocationViewController.swift in Sources */,
				AA4D4DAC27F324A5002BAB58 /* MapViewViewController.swift in Sources */,
				AA4D4DB727F32845002BAB58 /* StudentsAnnotation.swift in Sources */,
				AA4D4DA027F321DC002BAB58 /* ParseAPIClient+Constants.swift in Sources */,
			);
			runOnlyForDeploymentPostprocessing = 0;
		};
/* End PBXSourcesBuildPhase section */

/* Begin PBXVariantGroup section */
		AA4D4D7F27F31F29002BAB58 /* Main.storyboard */ = {
			isa = PBXVariantGroup;
			children = (
				AA4D4D8027F31F29002BAB58 /* Base */,
			);
			name = Main.storyboard;
			sourceTree = "<group>";
		};
		AA4D4D8427F31F2B002BAB58 /* LaunchScreen.storyboard */ = {
			isa = PBXVariantGroup;
			children = (
				AA4D4D8527F31F2B002BAB58 /* Base */,
			);
			name = LaunchScreen.storyboard;
			sourceTree = "<group>";
		};
/* End PBXVariantGroup section */

/* Begin XCBuildConfiguration section */
		AA4D4D8827F31F2B002BAB58 /* Debug */ = {
			isa = XCBuildConfiguration;
			buildSettings = {
				ALWAYS_SEARCH_USER_PATHS = NO;
				CLANG_ANALYZER_NONNULL = YES;
				CLANG_ANALYZER_NUMBER_OBJECT_CONVERSION = YES_AGGRESSIVE;
				CLANG_CXX_LANGUAGE_STANDARD = "gnu++17";
				CLANG_ENABLE_MODULES = YES;
				CLANG_ENABLE_OBJC_ARC = YES;
				CLANG_ENABLE_OBJC_WEAK = YES;
				CLANG_WARN_BLOCK_CAPTURE_AUTORELEASING = YES;
				CLANG_WARN_BOOL_CONVERSION = YES;
				CLANG_WARN_COMMA = YES;
				CLANG_WARN_CONSTANT_CONVERSION = YES;
				CLANG_WARN_DEPRECATED_OBJC_IMPLEMENTATIONS = YES;
				CLANG_WARN_DIRECT_OBJC_ISA_USAGE = YES_ERROR;
				CLANG_WARN_DOCUMENTATION_COMMENTS = YES;
				CLANG_WARN_EMPTY_BODY = YES;
				CLANG_WARN_ENUM_CONVERSION = YES;
				CLANG_WARN_INFINITE_RECURSION = YES;
				CLANG_WARN_INT_CONVERSION = YES;
				CLANG_WARN_NON_LITERAL_NULL_CONVERSION = YES;
				CLANG_WARN_OBJC_IMPLICIT_RETAIN_SELF = YES;
				CLANG_WARN_OBJC_LITERAL_CONVERSION = YES;
				CLANG_WARN_OBJC_ROOT_CLASS = YES_ERROR;
				CLANG_WARN_QUOTED_INCLUDE_IN_FRAMEWORK_HEADER = YES;
				CLANG_WARN_RANGE_LOOP_ANALYSIS = YES;
				CLANG_WARN_STRICT_PROTOTYPES = YES;
				CLANG_WARN_SUSPICIOUS_MOVE = YES;
				CLANG_WARN_UNGUARDED_AVAILABILITY = YES_AGGRESSIVE;
				CLANG_WARN_UNREACHABLE_CODE = YES;
				CLANG_WARN__DUPLICATE_METHOD_MATCH = YES;
				COPY_PHASE_STRIP = NO;
				DEBUG_INFORMATION_FORMAT = dwarf;
				ENABLE_STRICT_OBJC_MSGSEND = YES;
				ENABLE_TESTABILITY = YES;
				GCC_C_LANGUAGE_STANDARD = gnu11;
				GCC_DYNAMIC_NO_PIC = NO;
				GCC_NO_COMMON_BLOCKS = YES;
				GCC_OPTIMIZATION_LEVEL = 0;
				GCC_PREPROCESSOR_DEFINITIONS = (
					"DEBUG=1",
					"$(inherited)",
				);
				GCC_WARN_64_TO_32_BIT_CONVERSION = YES;
				GCC_WARN_ABOUT_RETURN_TYPE = YES_ERROR;
				GCC_WARN_UNDECLARED_SELECTOR = YES;
				GCC_WARN_UNINITIALIZED_AUTOS = YES_AGGRESSIVE;
				GCC_WARN_UNUSED_FUNCTION = YES;
				GCC_WARN_UNUSED_VARIABLE = YES;
				IPHONEOS_DEPLOYMENT_TARGET = 15.4;
				MTL_ENABLE_DEBUG_INFO = INCLUDE_SOURCE;
				MTL_FAST_MATH = YES;
				ONLY_ACTIVE_ARCH = YES;
				SDKROOT = iphoneos;
				SWIFT_ACTIVE_COMPILATION_CONDITIONS = DEBUG;
				SWIFT_OPTIMIZATION_LEVEL = "-Onone";
			};
			name = Debug;
		};
		AA4D4D8927F31F2B002BAB58 /* Release */ = {
			isa = XCBuildConfiguration;
			buildSettings = {
				ALWAYS_SEARCH_USER_PATHS = NO;
				CLANG_ANALYZER_NONNULL = YES;
				CLANG_ANALYZER_NUMBER_OBJECT_CONVERSION = YES_AGGRESSIVE;
				CLANG_CXX_LANGUAGE_STANDARD = "gnu++17";
				CLANG_ENABLE_MODULES = YES;
				CLANG_ENABLE_OBJC_ARC = YES;
				CLANG_ENABLE_OBJC_WEAK = YES;
				CLANG_WARN_BLOCK_CAPTURE_AUTORELEASING = YES;
				CLANG_WARN_BOOL_CONVERSION = YES;
				CLANG_WARN_COMMA = YES;
				CLANG_WARN_CONSTANT_CONVERSION = YES;
				CLANG_WARN_DEPRECATED_OBJC_IMPLEMENTATIONS = YES;
				CLANG_WARN_DIRECT_OBJC_ISA_USAGE = YES_ERROR;
				CLANG_WARN_DOCUMENTATION_COMMENTS = YES;
				CLANG_WARN_EMPTY_BODY = YES;
				CLANG_WARN_ENUM_CONVERSION = YES;
				CLANG_WARN_INFINITE_RECURSION = YES;
				CLANG_WARN_INT_CONVERSION = YES;
				CLANG_WARN_NON_LITERAL_NULL_CONVERSION = YES;
				CLANG_WARN_OBJC_IMPLICIT_RETAIN_SELF = YES;
				CLANG_WARN_OBJC_LITERAL_CONVERSION = YES;
				CLANG_WARN_OBJC_ROOT_CLASS = YES_ERROR;
				CLANG_WARN_QUOTED_INCLUDE_IN_FRAMEWORK_HEADER = YES;
				CLANG_WARN_RANGE_LOOP_ANALYSIS = YES;
				CLANG_WARN_STRICT_PROTOTYPES = YES;
				CLANG_WARN_SUSPICIOUS_MOVE = YES;
				CLANG_WARN_UNGUARDED_AVAILABILITY = YES_AGGRESSIVE;
				CLANG_WARN_UNREACHABLE_CODE = YES;
				CLANG_WARN__DUPLICATE_METHOD_MATCH = YES;
				COPY_PHASE_STRIP = NO;
				DEBUG_INFORMATION_FORMAT = "dwarf-with-dsym";
				ENABLE_NS_ASSERTIONS = NO;
				ENABLE_STRICT_OBJC_MSGSEND = YES;
				GCC_C_LANGUAGE_STANDARD = gnu11;
				GCC_NO_COMMON_BLOCKS = YES;
				GCC_WARN_64_TO_32_BIT_CONVERSION = YES;
				GCC_WARN_ABOUT_RETURN_TYPE = YES_ERROR;
				GCC_WARN_UNDECLARED_SELECTOR = YES;
				GCC_WARN_UNINITIALIZED_AUTOS = YES_AGGRESSIVE;
				GCC_WARN_UNUSED_FUNCTION = YES;
				GCC_WARN_UNUSED_VARIABLE = YES;
				IPHONEOS_DEPLOYMENT_TARGET = 15.4;
				MTL_ENABLE_DEBUG_INFO = NO;
				MTL_FAST_MATH = YES;
				SDKROOT = iphoneos;
				SWIFT_COMPILATION_MODE = wholemodule;
				SWIFT_OPTIMIZATION_LEVEL = "-O";
				VALIDATE_PRODUCT = YES;
			};
			name = Release;
		};
		AA4D4D8B27F31F2B002BAB58 /* Debug */ = {
			isa = XCBuildConfiguration;
			buildSettings = {
				ASSETCATALOG_COMPILER_APPICON_NAME = AppIcon;
				ASSETCATALOG_COMPILER_GLOBAL_ACCENT_COLOR_NAME = AccentColor;
				CODE_SIGN_STYLE = Automatic;
				CURRENT_PROJECT_VERSION = 1;
				DEVELOPMENT_TEAM = 94JRR4J55A;
				GENERATE_INFOPLIST_FILE = YES;
				INFOPLIST_FILE = "On The Map/Info.plist";
				INFOPLIST_KEY_NSLocationAlwaysAndWhenInUseUsageDescription = "We use your location to better search for places while adding your markers.";
				INFOPLIST_KEY_UIApplicationSupportsIndirectInputEvents = YES;
				INFOPLIST_KEY_UILaunchStoryboardName = LaunchScreen;
				INFOPLIST_KEY_UIMainStoryboardFile = Main;
				INFOPLIST_KEY_UISupportedInterfaceOrientations_iPad = "UIInterfaceOrientationPortrait UIInterfaceOrientationPortraitUpsideDown UIInterfaceOrientationLandscapeLeft UIInterfaceOrientationLandscapeRight";
				INFOPLIST_KEY_UISupportedInterfaceOrientations_iPhone = "UIInterfaceOrientationPortrait UIInterfaceOrientationLandscapeLeft UIInterfaceOrientationLandscapeRight";
				LD_RUNPATH_SEARCH_PATHS = (
					"$(inherited)",
					"@executable_path/Frameworks",
				);
				MARKETING_VERSION = 1.0;
				PRODUCT_BUNDLE_IDENTIFIER = "com.StefanWeiss.On-The-Map";
				PRODUCT_NAME = "$(TARGET_NAME)";
				SWIFT_EMIT_LOC_STRINGS = YES;
				SWIFT_VERSION = 5.0;
				TARGETED_DEVICE_FAMILY = "1,2";
			};
			name = Debug;
		};
		AA4D4D8C27F31F2B002BAB58 /* Release */ = {
			isa = XCBuildConfiguration;
			buildSettings = {
				ASSETCATALOG_COMPILER_APPICON_NAME = AppIcon;
				ASSETCATALOG_COMPILER_GLOBAL_ACCENT_COLOR_NAME = AccentColor;
				CODE_SIGN_STYLE = Automatic;
				CURRENT_PROJECT_VERSION = 1;
				DEVELOPMENT_TEAM = 94JRR4J55A;
				GENERATE_INFOPLIST_FILE = YES;
				INFOPLIST_FILE = "On The Map/Info.plist";
				INFOPLIST_KEY_NSLocationAlwaysAndWhenInUseUsageDescription = "We use your location to better search for places while adding your markers.";
				INFOPLIST_KEY_UIApplicationSupportsIndirectInputEvents = YES;
				INFOPLIST_KEY_UILaunchStoryboardName = LaunchScreen;
				INFOPLIST_KEY_UIMainStoryboardFile = Main;
				INFOPLIST_KEY_UISupportedInterfaceOrientations_iPad = "UIInterfaceOrientationPortrait UIInterfaceOrientationPortraitUpsideDown UIInterfaceOrientationLandscapeLeft UIInterfaceOrientationLandscapeRight";
				INFOPLIST_KEY_UISupportedInterfaceOrientations_iPhone = "UIInterfaceOrientationPortrait UIInterfaceOrientationLandscapeLeft UIInterfaceOrientationLandscapeRight";
				LD_RUNPATH_SEARCH_PATHS = (
					"$(inherited)",
					"@executable_path/Frameworks",
				);
				MARKETING_VERSION = 1.0;
				PRODUCT_BUNDLE_IDENTIFIER = "com.StefanWeiss.On-The-Map";
				PRODUCT_NAME = "$(TARGET_NAME)";
				SWIFT_EMIT_LOC_STRINGS = YES;
				SWIFT_VERSION = 5.0;
				TARGETED_DEVICE_FAMILY = "1,2";
			};
			name = Release;
		};
/* End XCBuildConfiguration section */

/* Begin XCConfigurationList section */
		AA4D4D7127F31F29002BAB58 /* Build configuration list for PBXProject "On The Map" */ = {
			isa = XCConfigurationList;
			buildConfigurations = (
				AA4D4D8827F31F2B002BAB58 /* Debug */,
				AA4D4D8927F31F2B002BAB58 /* Release */,
			);
			defaultConfigurationIsVisible = 0;
			defaultConfigurationName = Release;
		};
		AA4D4D8A27F31F2B002BAB58 /* Build configuration list for PBXNativeTarget "On The Map" */ = {
			isa = XCConfigurationList;
			buildConfigurations = (
				AA4D4D8B27F31F2B002BAB58 /* Debug */,
				AA4D4D8C27F31F2B002BAB58 /* Release */,
			);
			defaultConfigurationIsVisible = 0;
			defaultConfigurationName = Release;
		};
/* End XCConfigurationList section */
	};
	rootObject = AA4D4D6E27F31F29002BAB58 /* Project object */;
}
